// !$*UTF8*$!
{
	archiveVersion = 1;
	classes = {
	};
	objectVersion = 77;
	objects = {

/* Begin PBXBuildFile section */
		000B970B2DE34BFE00C9C0AC /* Onfido in Frameworks */ = {isa = PBXBuildFile; productRef = 000B970A2DE34BFE00C9C0AC /* Onfido */; };
/* End PBXBuildFile section */

/* Begin PBXContainerItemProxy section */
		00BE53932DE2306700E59447 /* PBXContainerItemProxy */ = {
			isa = PBXContainerItemProxy;
			containerPortal = 00BE537A2DE2306300E59447 /* Project object */;
			proxyType = 1;
			remoteGlobalIDString = 00BE53812DE2306300E59447;
			remoteInfo = OnFidoAuthDemo;
		};
		00BE539D2DE2306700E59447 /* PBXContainerItemProxy */ = {
			isa = PBXContainerItemProxy;
			containerPortal = 00BE537A2DE2306300E59447 /* Project object */;
			proxyType = 1;
			remoteGlobalIDString = 00BE53812DE2306300E59447;
			remoteInfo = OnFidoAuthDemo;
		};
/* End PBXContainerItemProxy section */

/* Begin PBXFileReference section */
		00BE53822DE2306300E59447 /* OnFidoAuthDemo.app */ = {isa = PBXFileReference; explicitFileType = wrapper.application; includeInIndex = 0; path = OnFidoAuthDemo.app; sourceTree = BUILT_PRODUCTS_DIR; };
		00BE53922DE2306700E59447 /* OnFidoAuthDemoTests.xctest */ = {isa = PBXFileReference; explicitFileType = wrapper.cfbundle; includeInIndex = 0; path = OnFidoAuthDemoTests.xctest; sourceTree = BUILT_PRODUCTS_DIR; };
		00BE539C2DE2306700E59447 /* OnFidoAuthDemoUITests.xctest */ = {isa = PBXFileReference; explicitFileType = wrapper.cfbundle; includeInIndex = 0; path = OnFidoAuthDemoUITests.xctest; sourceTree = BUILT_PRODUCTS_DIR; };
/* End PBXFileReference section */

/* Begin PBXFileSystemSynchronizedBuildFileExceptionSet section */
		00C5CEBE2DE69FA9006019CE /* Exceptions for "OnFidoAuthDemo" folder in "OnFidoAuthDemo" target */ = {
			isa = PBXFileSystemSynchronizedBuildFileExceptionSet;
			membershipExceptions = (
				Info.plist,
			);
			target = 00BE53812DE2306300E59447 /* OnFidoAuthDemo */;
		};
/* End PBXFileSystemSynchronizedBuildFileExceptionSet section */

/* Begin PBXFileSystemSynchronizedRootGroup section */
		00BE53842DE2306300E59447 /* OnFidoAuthDemo */ = {
			isa = PBXFileSystemSynchronizedRootGroup;
			exceptions = (
				00C5CEBE2DE69FA9006019CE /* Exceptions for "OnFidoAuthDemo" folder in "OnFidoAuthDemo" target */,
			);
			path = OnFidoAuthDemo;
			sourceTree = "<group>";
		};
		00BE53952DE2306700E59447 /* OnFidoAuthDemoTests */ = {
			isa = PBXFileSystemSynchronizedRootGroup;
			path = OnFidoAuthDemoTests;
			sourceTree = "<group>";
		};
		00BE539F2DE2306700E59447 /* OnFidoAuthDemoUITests */ = {
			isa = PBXFileSystemSynchronizedRootGroup;
			path = OnFidoAuthDemoUITests;
			sourceTree = "<group>";
		};
/* End PBXFileSystemSynchronizedRootGroup section */

/* Begin PBXFrameworksBuildPhase section */
		00BE537F2DE2306300E59447 /* Frameworks */ = {
			isa = PBXFrameworksBuildPhase;
			buildActionMask = 2147483647;
			files = (
				000B970B2DE34BFE00C9C0AC /* Onfido in Frameworks */,
			);
			runOnlyForDeploymentPostprocessing = 0;
		};
		00BE538F2DE2306700E59447 /* Frameworks */ = {
			isa = PBXFrameworksBuildPhase;
			buildActionMask = 2147483647;
			files = (
			);
			runOnlyForDeploymentPostprocessing = 0;
		};
		00BE53992DE2306700E59447 /* Frameworks */ = {
			isa = PBXFrameworksBuildPhase;
			buildActionMask = 2147483647;
			files = (
			);
			runOnlyForDeploymentPostprocessing = 0;
		};
/* End PBXFrameworksBuildPhase section */

/* Begin PBXGroup section */
		000B97092DE34BFE00C9C0AC /* Frameworks */ = {
			isa = PBXGroup;
			children = (
			);
			name = Frameworks;
			sourceTree = "<group>";
		};
		00BE53792DE2306300E59447 = {
			isa = PBXGroup;
			children = (
				00BE53842DE2306300E59447 /* OnFidoAuthDemo */,
				00BE53952DE2306700E59447 /* OnFidoAuthDemoTests */,
				00BE539F2DE2306700E59447 /* OnFidoAuthDemoUITests */,
				000B97092DE34BFE00C9C0AC /* Frameworks */,
				00BE53832DE2306300E59447 /* Products */,
			);
			sourceTree = "<group>";
		};
		00BE53832DE2306300E59447 /* Products */ = {
			isa = PBXGroup;
			children = (
				00BE53822DE2306300E59447 /* OnFidoAuthDemo.app */,
				00BE53922DE2306700E59447 /* OnFidoAuthDemoTests.xctest */,
				00BE539C2DE2306700E59447 /* OnFidoAuthDemoUITests.xctest */,
			);
			name = Products;
			sourceTree = "<group>";
		};
/* End PBXGroup section */

/* Begin PBXNativeTarget section */
		00BE53812DE2306300E59447 /* OnFidoAuthDemo */ = {
			isa = PBXNativeTarget;
			buildConfigurationList = 00BE53A62DE2306700E59447 /* Build configuration list for PBXNativeTarget "OnFidoAuthDemo" */;
			buildPhases = (
				00BE537E2DE2306300E59447 /* Sources */,
				00BE537F2DE2306300E59447 /* Frameworks */,
				00BE53802DE2306300E59447 /* Resources */,
			);
			buildRules = (
			);
			dependencies = (
			);
			fileSystemSynchronizedGroups = (
				00BE53842DE2306300E59447 /* OnFidoAuthDemo */,
			);
			name = OnFidoAuthDemo;
			packageProductDependencies = (
				000B970A2DE34BFE00C9C0AC /* Onfido */,
			);
			productName = OnFidoAuthDemo;
			productReference = 00BE53822DE2306300E59447 /* OnFidoAuthDemo.app */;
			productType = "com.apple.product-type.application";
		};
		00BE53912DE2306700E59447 /* OnFidoAuthDemoTests */ = {
			isa = PBXNativeTarget;
			buildConfigurationList = 00BE53A92DE2306700E59447 /* Build configuration list for PBXNativeTarget "OnFidoAuthDemoTests" */;
			buildPhases = (
				00BE538E2DE2306700E59447 /* Sources */,
				00BE538F2DE2306700E59447 /* Frameworks */,
				00BE53902DE2306700E59447 /* Resources */,
			);
			buildRules = (
			);
			dependencies = (
				00BE53942DE2306700E59447 /* PBXTargetDependency */,
			);
			fileSystemSynchronizedGroups = (
				00BE53952DE2306700E59447 /* OnFidoAuthDemoTests */,
			);
			name = OnFidoAuthDemoTests;
			packageProductDependencies = (
			);
			productName = OnFidoAuthDemoTests;
			productReference = 00BE53922DE2306700E59447 /* OnFidoAuthDemoTests.xctest */;
			productType = "com.apple.product-type.bundle.unit-test";
		};
		00BE539B2DE2306700E59447 /* OnFidoAuthDemoUITests */ = {
			isa = PBXNativeTarget;
			buildConfigurationList = 00BE53AC2DE2306700E59447 /* Build configuration list for PBXNativeTarget "OnFidoAuthDemoUITests" */;
			buildPhases = (
				00BE53982DE2306700E59447 /* Sources */,
				00BE53992DE2306700E59447 /* Frameworks */,
				00BE539A2DE2306700E59447 /* Resources */,
			);
			buildRules = (
			);
			dependencies = (
				00BE539E2DE2306700E59447 /* PBXTargetDependency */,
			);
			fileSystemSynchronizedGroups = (
				00BE539F2DE2306700E59447 /* OnFidoAuthDemoUITests */,
			);
			name = OnFidoAuthDemoUITests;
			packageProductDependencies = (
			);
			productName = OnFidoAuthDemoUITests;
			productReference = 00BE539C2DE2306700E59447 /* OnFidoAuthDemoUITests.xctest */;
			productType = "com.apple.product-type.bundle.ui-testing";
		};
/* End PBXNativeTarget section */

/* Begin PBXProject section */
		00BE537A2DE2306300E59447 /* Project object */ = {
			isa = PBXProject;
			attributes = {
				BuildIndependentTargetsInParallel = 1;
				LastSwiftUpdateCheck = 1620;
				LastUpgradeCheck = 1620;
				TargetAttributes = {
					00BE53812DE2306300E59447 = {
						CreatedOnToolsVersion = 16.2;
					};
					00BE53912DE2306700E59447 = {
						CreatedOnToolsVersion = 16.2;
						TestTargetID = 00BE53812DE2306300E59447;
					};
					00BE539B2DE2306700E59447 = {
						CreatedOnToolsVersion = 16.2;
						TestTargetID = 00BE53812DE2306300E59447;
					};
				};
			};
			buildConfigurationList = 00BE537D2DE2306300E59447 /* Build configuration list for PBXProject "OnFidoAuthDemo" */;
			developmentRegion = en;
			hasScannedForEncodings = 0;
			knownRegions = (
				en,
				Base,
			);
			mainGroup = 00BE53792DE2306300E59447;
			minimizedProjectReferenceProxies = 1;
			packageReferences = (
				00BE53AF2DE2329800E59447 /* XCRemoteSwiftPackageReference "onfido-auth-sdk-ios" */,
				00BE53B02DE2331A00E59447 /* XCRemoteSwiftPackageReference "onfido-ios-sdk" */,
			);
			preferredProjectObjectVersion = 77;
			productRefGroup = 00BE53832DE2306300E59447 /* Products */;
			projectDirPath = "";
			projectRoot = "";
			targets = (
				00BE53812DE2306300E59447 /* OnFidoAuthDemo */,
				00BE53912DE2306700E59447 /* OnFidoAuthDemoTests */,
				00BE539B2DE2306700E59447 /* OnFidoAuthDemoUITests */,
			);
		};
/* End PBXProject section */

/* Begin PBXResourcesBuildPhase section */
		00BE53802DE2306300E59447 /* Resources */ = {
			isa = PBXResourcesBuildPhase;
			buildActionMask = 2147483647;
			files = (
			);
			runOnlyForDeploymentPostprocessing = 0;
		};
		00BE53902DE2306700E59447 /* Resources */ = {
			isa = PBXResourcesBuildPhase;
			buildActionMask = 2147483647;
			files = (
			);
			runOnlyForDeploymentPostprocessing = 0;
		};
		00BE539A2DE2306700E59447 /* Resources */ = {
			isa = PBXResourcesBuildPhase;
			buildActionMask = 2147483647;
			files = (
			);
			runOnlyForDeploymentPostprocessing = 0;
		};
/* End PBXResourcesBuildPhase section */

/* Begin PBXSourcesBuildPhase section */
		00BE537E2DE2306300E59447 /* Sources */ = {
			isa = PBXSourcesBuildPhase;
			buildActionMask = 2147483647;
			files = (
			);
			runOnlyForDeploymentPostprocessing = 0;
		};
		00BE538E2DE2306700E59447 /* Sources */ = {
			isa = PBXSourcesBuildPhase;
			buildActionMask = 2147483647;
			files = (
			);
			runOnlyForDeploymentPostprocessing = 0;
		};
		00BE53982DE2306700E59447 /* Sources */ = {
			isa = PBXSourcesBuildPhase;
			buildActionMask = 2147483647;
			files = (
			);
			runOnlyForDeploymentPostprocessing = 0;
		};
/* End PBXSourcesBuildPhase section */

/* Begin PBXTargetDependency section */
		00BE53942DE2306700E59447 /* PBXTargetDependency */ = {
			isa = PBXTargetDependency;
			target = 00BE53812DE2306300E59447 /* OnFidoAuthDemo */;
			targetProxy = 00BE53932DE2306700E59447 /* PBXContainerItemProxy */;
		};
		00BE539E2DE2306700E59447 /* PBXTargetDependency */ = {
			isa = PBXTargetDependency;
			target = 00BE53812DE2306300E59447 /* OnFidoAuthDemo */;
			targetProxy = 00BE539D2DE2306700E59447 /* PBXContainerItemProxy */;
		};
/* End PBXTargetDependency section */

/* Begin XCBuildConfiguration section */
		00BE53A42DE2306700E59447 /* Debug */ = {
			isa = XCBuildConfiguration;
			buildSettings = {
				ALWAYS_SEARCH_USER_PATHS = NO;
				ASSETCATALOG_COMPILER_GENERATE_SWIFT_ASSET_SYMBOL_EXTENSIONS = YES;
				CLANG_ANALYZER_NONNULL = YES;
				CLANG_ANALYZER_NUMBER_OBJECT_CONVERSION = YES_AGGRESSIVE;
				CLANG_CXX_LANGUAGE_STANDARD = "gnu++20";
				CLANG_ENABLE_MODULES = YES;
				CLANG_ENABLE_OBJC_ARC = YES;
				CLANG_ENABLE_OBJC_WEAK = YES;
				CLANG_WARN_BLOCK_CAPTURE_AUTORELEASING = YES;
				CLANG_WARN_BOOL_CONVERSION = YES;
				CLANG_WARN_COMMA = YES;
				CLANG_WARN_CONSTANT_CONVERSION = YES;
				CLANG_WARN_DEPRECATED_OBJC_IMPLEMENTATIONS = YES;
				CLANG_WARN_DIRECT_OBJC_ISA_USAGE = YES_ERROR;
				CLANG_WARN_DOCUMENTATION_COMMENTS = YES;
				CLANG_WARN_EMPTY_BODY = YES;
				CLANG_WARN_ENUM_CONVERSION = YES;
				CLANG_WARN_INFINITE_RECURSION = YES;
				CLANG_WARN_INT_CONVERSION = YES;
				CLANG_WARN_NON_LITERAL_NULL_CONVERSION = YES;
				CLANG_WARN_OBJC_IMPLICIT_RETAIN_SELF = YES;
				CLANG_WARN_OBJC_LITERAL_CONVERSION = YES;
				CLANG_WARN_OBJC_ROOT_CLASS = YES_ERROR;
				CLANG_WARN_QUOTED_INCLUDE_IN_FRAMEWORK_HEADER = YES;
				CLANG_WARN_RANGE_LOOP_ANALYSIS = YES;
				CLANG_WARN_STRICT_PROTOTYPES = YES;
				CLANG_WARN_SUSPICIOUS_MOVE = YES;
				CLANG_WARN_UNGUARDED_AVAILABILITY = YES_AGGRESSIVE;
				CLANG_WARN_UNREACHABLE_CODE = YES;
				CLANG_WARN__DUPLICATE_METHOD_MATCH = YES;
				COPY_PHASE_STRIP = NO;
				DEBUG_INFORMATION_FORMAT = dwarf;
				ENABLE_STRICT_OBJC_MSGSEND = YES;
				ENABLE_TESTABILITY = YES;
				ENABLE_USER_SCRIPT_SANDBOXING = YES;
				GCC_C_LANGUAGE_STANDARD = gnu17;
				GCC_DYNAMIC_NO_PIC = NO;
				GCC_NO_COMMON_BLOCKS = YES;
				GCC_OPTIMIZATION_LEVEL = 0;
				GCC_PREPROCESSOR_DEFINITIONS = (
					"DEBUG=1",
					"$(inherited)",
				);
				GCC_WARN_64_TO_32_BIT_CONVERSION = YES;
				GCC_WARN_ABOUT_RETURN_TYPE = YES_ERROR;
				GCC_WARN_UNDECLARED_SELECTOR = YES;
				GCC_WARN_UNINITIALIZED_AUTOS = YES_AGGRESSIVE;
				GCC_WARN_UNUSED_FUNCTION = YES;
				GCC_WARN_UNUSED_VARIABLE = YES;
				IPHONEOS_DEPLOYMENT_TARGET = 18.2;
				LOCALIZATION_PREFERS_STRING_CATALOGS = YES;
				MTL_ENABLE_DEBUG_INFO = INCLUDE_SOURCE;
				MTL_FAST_MATH = YES;
				ONLY_ACTIVE_ARCH = YES;
				SDKROOT = iphoneos;
				SWIFT_ACTIVE_COMPILATION_CONDITIONS = "DEBUG $(inherited)";
				SWIFT_OPTIMIZATION_LEVEL = "-Onone";
			};
			name = Debug;
		};
		00BE53A52DE2306700E59447 /* Release */ = {
			isa = XCBuildConfiguration;
			buildSettings = {
				ALWAYS_SEARCH_USER_PATHS = NO;
				ASSETCATALOG_COMPILER_GENERATE_SWIFT_ASSET_SYMBOL_EXTENSIONS = YES;
				CLANG_ANALYZER_NONNULL = YES;
				CLANG_ANALYZER_NUMBER_OBJECT_CONVERSION = YES_AGGRESSIVE;
				CLANG_CXX_LANGUAGE_STANDARD = "gnu++20";
				CLANG_ENABLE_MODULES = YES;
				CLANG_ENABLE_OBJC_ARC = YES;
				CLANG_ENABLE_OBJC_WEAK = YES;
				CLANG_WARN_BLOCK_CAPTURE_AUTORELEASING = YES;
				CLANG_WARN_BOOL_CONVERSION = YES;
				CLANG_WARN_COMMA = YES;
				CLANG_WARN_CONSTANT_CONVERSION = YES;
				CLANG_WARN_DEPRECATED_OBJC_IMPLEMENTATIONS = YES;
				CLANG_WARN_DIRECT_OBJC_ISA_USAGE = YES_ERROR;
				CLANG_WARN_DOCUMENTATION_COMMENTS = YES;
				CLANG_WARN_EMPTY_BODY = YES;
				CLANG_WARN_ENUM_CONVERSION = YES;
				CLANG_WARN_INFINITE_RECURSION = YES;
				CLANG_WARN_INT_CONVERSION = YES;
				CLANG_WARN_NON_LITERAL_NULL_CONVERSION = YES;
				CLANG_WARN_OBJC_IMPLICIT_RETAIN_SELF = YES;
				CLANG_WARN_OBJC_LITERAL_CONVERSION = YES;
				CLANG_WARN_OBJC_ROOT_CLASS = YES_ERROR;
				CLANG_WARN_QUOTED_INCLUDE_IN_FRAMEWORK_HEADER = YES;
				CLANG_WARN_RANGE_LOOP_ANALYSIS = YES;
				CLANG_WARN_STRICT_PROTOTYPES = YES;
				CLANG_WARN_SUSPICIOUS_MOVE = YES;
				CLANG_WARN_UNGUARDED_AVAILABILITY = YES_AGGRESSIVE;
				CLANG_WARN_UNREACHABLE_CODE = YES;
				CLANG_WARN__DUPLICATE_METHOD_MATCH = YES;
				COPY_PHASE_STRIP = NO;
				DEBUG_INFORMATION_FORMAT = "dwarf-with-dsym";
				ENABLE_NS_ASSERTIONS = NO;
				ENABLE_STRICT_OBJC_MSGSEND = YES;
				ENABLE_USER_SCRIPT_SANDBOXING = YES;
				GCC_C_LANGUAGE_STANDARD = gnu17;
				GCC_NO_COMMON_BLOCKS = YES;
				GCC_WARN_64_TO_32_BIT_CONVERSION = YES;
				GCC_WARN_ABOUT_RETURN_TYPE = YES_ERROR;
				GCC_WARN_UNDECLARED_SELECTOR = YES;
				GCC_WARN_UNINITIALIZED_AUTOS = YES_AGGRESSIVE;
				GCC_WARN_UNUSED_FUNCTION = YES;
				GCC_WARN_UNUSED_VARIABLE = YES;
				IPHONEOS_DEPLOYMENT_TARGET = 18.2;
				LOCALIZATION_PREFERS_STRING_CATALOGS = YES;
				MTL_ENABLE_DEBUG_INFO = NO;
				MTL_FAST_MATH = YES;
				SDKROOT = iphoneos;
				SWIFT_COMPILATION_MODE = wholemodule;
				VALIDATE_PRODUCT = YES;
			};
			name = Release;
		};
		00BE53A72DE2306700E59447 /* Debug */ = {
			isa = XCBuildConfiguration;
			buildSettings = {
				ASSETCATALOG_COMPILER_APPICON_NAME = AppIcon;
				ASSETCATALOG_COMPILER_GLOBAL_ACCENT_COLOR_NAME = AccentColor;
				CODE_SIGN_STYLE = Automatic;
				CURRENT_PROJECT_VERSION = 1;
				DEVELOPMENT_ASSET_PATHS = "\"OnFidoAuthDemo/Preview Content\"";
				DEVELOPMENT_TEAM = 436BNX4RHH;
				ENABLE_PREVIEWS = YES;
				GENERATE_INFOPLIST_FILE = YES;
				INFOPLIST_FILE = OnFidoAuthDemo/Info.plist;
				INFOPLIST_KEY_NSCameraUsageDescription = "";
				INFOPLIST_KEY_NSMicrophoneUsageDescription = "";
				INFOPLIST_KEY_UIApplicationSceneManifest_Generation = YES;
				INFOPLIST_KEY_UIApplicationSupportsIndirectInputEvents = YES;
				INFOPLIST_KEY_UILaunchScreen_Generation = YES;
				INFOPLIST_KEY_UISupportedInterfaceOrientations_iPad = "UIInterfaceOrientationPortrait UIInterfaceOrientationPortraitUpsideDown UIInterfaceOrientationLandscapeLeft UIInterfaceOrientationLandscapeRight";
				INFOPLIST_KEY_UISupportedInterfaceOrientations_iPhone = "UIInterfaceOrientationPortrait UIInterfaceOrientationLandscapeLeft UIInterfaceOrientationLandscapeRight";
				LD_RUNPATH_SEARCH_PATHS = (
					"$(inherited)",
					"@executable_path/Frameworks",
				);
				MARKETING_VERSION = 1.0;
				PRODUCT_BUNDLE_IDENTIFIER = siva.mondi.OnFidoAuthDemo;
				PRODUCT_NAME = "$(TARGET_NAME)";
				SWIFT_EMIT_LOC_STRINGS = YES;
				SWIFT_VERSION = 5.0;
				TARGETED_DEVICE_FAMILY = "1,2";
			};
			name = Debug;
		};
		00BE53A82DE2306700E59447 /* Release */ = {
			isa = XCBuildConfiguration;
			buildSettings = {
				ASSETCATALOG_COMPILER_APPICON_NAME = AppIcon;
				ASSETCATALOG_COMPILER_GLOBAL_ACCENT_COLOR_NAME = AccentColor;
				CODE_SIGN_STYLE = Automatic;
				CURRENT_PROJECT_VERSION = 1;
				DEVELOPMENT_ASSET_PATHS = "\"OnFidoAuthDemo/Preview Content\"";
				DEVELOPMENT_TEAM = 436BNX4RHH;
				ENABLE_PREVIEWS = YES;
				GENERATE_INFOPLIST_FILE = YES;
				INFOPLIST_FILE = OnFidoAuthDemo/Info.plist;
				INFOPLIST_KEY_NSCameraUsageDescription = "";
				INFOPLIST_KEY_NSMicrophoneUsageDescription = "";
				INFOPLIST_KEY_UIApplicationSceneManifest_Generation = YES;
				INFOPLIST_KEY_UIApplicationSupportsIndirectInputEvents = YES;
				INFOPLIST_KEY_UILaunchScreen_Generation = YES;
				INFOPLIST_KEY_UISupportedInterfaceOrientations_iPad = "UIInterfaceOrientationPortrait UIInterfaceOrientationPortraitUpsideDown UIInterfaceOrientationLandscapeLeft UIInterfaceOrientationLandscapeRight";
				INFOPLIST_KEY_UISupportedInterfaceOrientations_iPhone = "UIInterfaceOrientationPortrait UIInterfaceOrientationLandscapeLeft UIInterfaceOrientationLandscapeRight";
				LD_RUNPATH_SEARCH_PATHS = (
					"$(inherited)",
					"@executable_path/Frameworks",
				);
				MARKETING_VERSION = 1.0;
				PRODUCT_BUNDLE_IDENTIFIER = siva.mondi.OnFidoAuthDemo;
				PRODUCT_NAME = "$(TARGET_NAME)";
				SWIFT_EMIT_LOC_STRINGS = YES;
				SWIFT_VERSION = 5.0;
				TARGETED_DEVICE_FAMILY = "1,2";
			};
			name = Release;
		};
		00BE53AA2DE2306700E59447 /* Debug */ = {
			isa = XCBuildConfiguration;
			buildSettings = {
				BUNDLE_LOADER = "$(TEST_HOST)";
				CODE_SIGN_STYLE = Automatic;
				CURRENT_PROJECT_VERSION = 1;
				DEVELOPMENT_TEAM = 436BNX4RHH;
				GENERATE_INFOPLIST_FILE = YES;
				IPHONEOS_DEPLOYMENT_TARGET = 18.2;
				MARKETING_VERSION = 1.0;
				PRODUCT_BUNDLE_IDENTIFIER = siva.mondi.OnFidoAuthDemoTests;
				PRODUCT_NAME = "$(TARGET_NAME)";
				SWIFT_EMIT_LOC_STRINGS = NO;
				SWIFT_VERSION = 5.0;
				TARGETED_DEVICE_FAMILY = "1,2";
				TEST_HOST = "$(BUILT_PRODUCTS_DIR)/OnFidoAuthDemo.app/$(BUNDLE_EXECUTABLE_FOLDER_PATH)/OnFidoAuthDemo";
			};
			name = Debug;
		};
		00BE53AB2DE2306700E59447 /* Release */ = {
			isa = XCBuildConfiguration;
			buildSettings = {
				BUNDLE_LOADER = "$(TEST_HOST)";
				CODE_SIGN_STYLE = Automatic;
				CURRENT_PROJECT_VERSION = 1;
				DEVELOPMENT_TEAM = 436BNX4RHH;
				GENERATE_INFOPLIST_FILE = YES;
				IPHONEOS_DEPLOYMENT_TARGET = 18.2;
				MARKETING_VERSION = 1.0;
				PRODUCT_BUNDLE_IDENTIFIER = siva.mondi.OnFidoAuthDemoTests;
				PRODUCT_NAME = "$(TARGET_NAME)";
				SWIFT_EMIT_LOC_STRINGS = NO;
				SWIFT_VERSION = 5.0;
				TARGETED_DEVICE_FAMILY = "1,2";
				TEST_HOST = "$(BUILT_PRODUCTS_DIR)/OnFidoAuthDemo.app/$(BUNDLE_EXECUTABLE_FOLDER_PATH)/OnFidoAuthDemo";
			};
			name = Release;
		};
		00BE53AD2DE2306700E59447 /* Debug */ = {
			isa = XCBuildConfiguration;
			buildSettings = {
				CODE_SIGN_STYLE = Automatic;
				CURRENT_PROJECT_VERSION = 1;
				DEVELOPMENT_TEAM = 436BNX4RHH;
				GENERATE_INFOPLIST_FILE = YES;
				MARKETING_VERSION = 1.0;
				PRODUCT_BUNDLE_IDENTIFIER = siva.mondi.OnFidoAuthDemoUITests;
				PRODUCT_NAME = "$(TARGET_NAME)";
				SWIFT_EMIT_LOC_STRINGS = NO;
				SWIFT_VERSION = 5.0;
				TARGETED_DEVICE_FAMILY = "1,2";
				TEST_TARGET_NAME = OnFidoAuthDemo;
			};
			name = Debug;
		};
		00BE53AE2DE2306700E59447 /* Release */ = {
			isa = XCBuildConfiguration;
			buildSettings = {
				CODE_SIGN_STYLE = Automatic;
				CURRENT_PROJECT_VERSION = 1;
				DEVELOPMENT_TEAM = 436BNX4RHH;
				GENERATE_INFOPLIST_FILE = YES;
				MARKETING_VERSION = 1.0;
				PRODUCT_BUNDLE_IDENTIFIER = siva.mondi.OnFidoAuthDemoUITests;
				PRODUCT_NAME = "$(TARGET_NAME)";
				SWIFT_EMIT_LOC_STRINGS = NO;
				SWIFT_VERSION = 5.0;
				TARGETED_DEVICE_FAMILY = "1,2";
				TEST_TARGET_NAME = OnFidoAuthDemo;
			};
			name = Release;
		};
/* End XCBuildConfiguration section */

/* Begin XCConfigurationList section */
		00BE537D2DE2306300E59447 /* Build configuration list for PBXProject "OnFidoAuthDemo" */ = {
			isa = XCConfigurationList;
			buildConfigurations = (
				00BE53A42DE2306700E59447 /* Debug */,
				00BE53A52DE2306700E59447 /* Release */,
			);
			defaultConfigurationIsVisible = 0;
			defaultConfigurationName = Release;
		};
		00BE53A62DE2306700E59447 /* Build configuration list for PBXNativeTarget "OnFidoAuthDemo" */ = {
			isa = XCConfigurationList;
			buildConfigurations = (
				00BE53A72DE2306700E59447 /* Debug */,
				00BE53A82DE2306700E59447 /* Release */,
			);
			defaultConfigurationIsVisible = 0;
			defaultConfigurationName = Release;
		};
		00BE53A92DE2306700E59447 /* Build configuration list for PBXNativeTarget "OnFidoAuthDemoTests" */ = {
			isa = XCConfigurationList;
			buildConfigurations = (
				00BE53AA2DE2306700E59447 /* Debug */,
				00BE53AB2DE2306700E59447 /* Release */,
			);
			defaultConfigurationIsVisible = 0;
			defaultConfigurationName = Release;
		};
		00BE53AC2DE2306700E59447 /* Build configuration list for PBXNativeTarget "OnFidoAuthDemoUITests" */ = {
			isa = XCConfigurationList;
			buildConfigurations = (
				00BE53AD2DE2306700E59447 /* Debug */,
				00BE53AE2DE2306700E59447 /* Release */,
			);
			defaultConfigurationIsVisible = 0;
			defaultConfigurationName = Release;
		};
/* End XCConfigurationList section */

/* Begin XCRemoteSwiftPackageReference section */
		00BE53AF2DE2329800E59447 /* XCRemoteSwiftPackageReference "onfido-auth-sdk-ios" */ = {
			isa = XCRemoteSwiftPackageReference;
			repositoryURL = "https://github.com/onfido/onfido-auth-sdk-ios.git";
			requirement = {
				kind = upToNextMajorVersion;
				minimumVersion = 0.2.6;
			};
		};
		00BE53B02DE2331A00E59447 /* XCRemoteSwiftPackageReference "onfido-ios-sdk" */ = {
			isa = XCRemoteSwiftPackageReference;
			repositoryURL = "https://github.com/onfido/onfido-ios-sdk.git";
			requirement = {
				kind = upToNextMajorVersion;
				minimumVersion = 32.5.1;
			};
		};
/* End XCRemoteSwiftPackageReference section */

/* Begin XCSwiftPackageProductDependency section */
		000B970A2DE34BFE00C9C0AC /* Onfido */ = {
			isa = XCSwiftPackageProductDependency;
			package = 00BE53B02DE2331A00E59447 /* XCRemoteSwiftPackageReference "onfido-ios-sdk" */;
			productName = Onfido;
		};
/* End XCSwiftPackageProductDependency section */
	};
	rootObject = 00BE537A2DE2306300E59447 /* Project object */;
}
